
Microsoft Visual Studio Solution File, Format Version 12.00
# Visual Studio 15
VisualStudioVersion = 15.0.28307.136
MinimumVisualStudioVersion = 10.0.40219.1
Project("{FAE04EC0-301F-11D3-BF4B-00C04F79EFBC}") = "HuntProfit", "WpfApp1\HuntProfit.csproj", "{4FDF0E7B-D5EF-4D5B-A92C-1B486FF09369}"
EndProject
Project("{54435603-DBB4-11D2-8724-00A0C9A8B90C}") = "HuntProfit_Installer", "..\HuntProfit_Installer\HuntProfit_Installer\HuntProfit_Installer.vdproj", "{6593750F-4B74-4968-A914-CA07C8CF4EE0}"
EndProject
Global
	GlobalSection(SolutionConfigurationPlatforms) = preSolution
		Debug|Any CPU = Debug|Any CPU
		Release|Any CPU = Release|Any CPU
	EndGlobalSection
	GlobalSection(ProjectConfigurationPlatforms) = postSolution
		{4FDF0E7B-D5EF-4D5B-A92C-1B486FF09369}.Debug|Any CPU.ActiveCfg = Debug|Any CPU
		{4FDF0E7B-D5EF-4D5B-A92C-1B486FF09369}.Debug|Any CPU.Build.0 = Debug|Any CPU
		{4FDF0E7B-D5EF-4D5B-A92C-1B486FF09369}.Release|Any CPU.ActiveCfg = Release|Any CPU
		{4FDF0E7B-D5EF-4D5B-A92C-1B486FF09369}.Release|Any CPU.Build.0 = Release|Any CPU
		{6593750F-4B74-4968-A914-CA07C8CF4EE0}.Debug|Any CPU.ActiveCfg = Debug
		{6593750F-4B74-4968-A914-CA07C8CF4EE0}.Release|Any CPU.ActiveCfg = Release
	EndGlobalSection
	GlobalSection(SolutionProperties) = preSolution
		HideSolutionNode = FALSE
	EndGlobalSection
	GlobalSection(ExtensibilityGlobals) = postSolution
		SolutionGuid = {409D00C6-03CF-4619-8DC5-56B6ECE7E4F7}
	EndGlobalSection
EndGlobal
